
Microsoft Visual Studio Solution File, Format Version 12.00
# Visual Studio Version 16
VisualStudioVersion = 16.0.34902.97
MinimumVisualStudioVersion = 10.0.40219.1
Project("{FAE04EC0-301F-11D3-BF4B-00C04F79EFBC}") = "CreatingRdlcReport", "CreatingRdlcReport\CreatingRdlcReport.csproj", "{21EEDB69-0930-40A7-B732-3C01AE74EA87}"
EndProject
Global
	GlobalSection(SolutionConfigurationPlatforms) = preSolution
		Debug|Any CPU = Debug|Any CPU
		Release|Any CPU = Release|Any CPU
	EndGlobalSection
	GlobalSection(ProjectConfigurationPlatforms) = postSolution
		{21EEDB69-0930-40A7-B732-3C01AE74EA87}.Debug|Any CPU.ActiveCfg = Debug|Any CPU
		{21EEDB69-0930-40A7-B732-3C01AE74EA87}.Debug|Any CPU.Build.0 = Debug|Any CPU
		{21EEDB69-0930-40A7-B732-3C01AE74EA87}.Release|Any CPU.ActiveCfg = Release|Any CPU
		{21EEDB69-0930-40A7-B732-3C01AE74EA87}.Release|Any CPU.Build.0 = Release|Any CPU
	EndGlobalSection
	GlobalSection(SolutionProperties) = preSolution
		HideSolutionNode = FALSE
	EndGlobalSection
	GlobalSection(ExtensibilityGlobals) = postSolution
		SolutionGuid = {01C17433-C162-4ECF-8F67-B14ABA377DBA}
	EndGlobalSection
EndGlobal
